// !$*UTF8*$!
{
	archiveVersion = 1;
	classes = {
	};
	objectVersion = 48;
	objects = {

/* Begin PBXBuildFile section */
		C70DFD9F1F89216500118085 /* AppDelegate.swift in Sources */ = {isa = PBXBuildFile; fileRef = C70DFD9E1F89216500118085 /* AppDelegate.swift */; };
		C70DFDA11F89216500118085 /* ViewController.swift in Sources */ = {isa = PBXBuildFile; fileRef = C70DFDA01F89216500118085 /* ViewController.swift */; };
		C70DFDA41F89216500118085 /* Main.storyboard in Resources */ = {isa = PBXBuildFile; fileRef = C70DFDA21F89216500118085 /* Main.storyboard */; };
		C70DFDA61F89216500118085 /* Assets.xcassets in Resources */ = {isa = PBXBuildFile; fileRef = C70DFDA51F89216500118085 /* Assets.xcassets */; };
		C70DFDA91F89216500118085 /* LaunchScreen.storyboard in Resources */ = {isa = PBXBuildFile; fileRef = C70DFDA71F89216500118085 /* LaunchScreen.storyboard */; };
		C73C03911F8930AF009221D1 /* BoringSSL.framework in Frameworks */ = {isa = PBXBuildFile; fileRef = C73C038D1F8930A8009221D1 /* BoringSSL.framework */; };
		C73C03921F8930AF009221D1 /* CgRPC.framework in Frameworks */ = {isa = PBXBuildFile; fileRef = C73C038B1F8930A8009221D1 /* CgRPC.framework */; };
		C73C03931F8930AF009221D1 /* Czlib.framework in Frameworks */ = {isa = PBXBuildFile; fileRef = C73C038F1F8930A8009221D1 /* Czlib.framework */; };
		C73C03941F8930AF009221D1 /* gRPC.framework in Frameworks */ = {isa = PBXBuildFile; fileRef = C73C03891F8930A8009221D1 /* gRPC.framework */; };
/* End PBXBuildFile section */

/* Begin PBXContainerItemProxy section */
		C73C03861F8930A8009221D1 /* PBXContainerItemProxy */ = {
			isa = PBXContainerItemProxy;
			containerPortal = C73C037A1F8930A7009221D1 /* SwiftGRPC.xcodeproj */;
			proxyType = 2;
			remoteGlobalIDString = "SwiftGRPC::gRPCTests::Product";
			remoteInfo = gRPCTests;
		};
		C73C03881F8930A8009221D1 /* PBXContainerItemProxy */ = {
			isa = PBXContainerItemProxy;
			containerPortal = C73C037A1F8930A7009221D1 /* SwiftGRPC.xcodeproj */;
			proxyType = 2;
			remoteGlobalIDString = "SwiftGRPC::gRPC::Product";
			remoteInfo = gRPC;
		};
		C73C038A1F8930A8009221D1 /* PBXContainerItemProxy */ = {
			isa = PBXContainerItemProxy;
			containerPortal = C73C037A1F8930A7009221D1 /* SwiftGRPC.xcodeproj */;
			proxyType = 2;
			remoteGlobalIDString = "SwiftGRPC::CgRPC::Product";
			remoteInfo = CgRPC;
		};
		C73C038C1F8930A8009221D1 /* PBXContainerItemProxy */ = {
			isa = PBXContainerItemProxy;
			containerPortal = C73C037A1F8930A7009221D1 /* SwiftGRPC.xcodeproj */;
			proxyType = 2;
			remoteGlobalIDString = "SwiftGRPC::BoringSSL::Product";
			remoteInfo = BoringSSL;
		};
		C73C038E1F8930A8009221D1 /* PBXContainerItemProxy */ = {
			isa = PBXContainerItemProxy;
			containerPortal = C73C037A1F8930A7009221D1 /* SwiftGRPC.xcodeproj */;
			proxyType = 2;
			remoteGlobalIDString = "zlib::Czlib::Product";
			remoteInfo = Czlib;
		};
/* End PBXContainerItemProxy section */

/* Begin PBXFileReference section */
		C70DFD9B1F89216500118085 /* gRPCExample.app */ = {isa = PBXFileReference; explicitFileType = wrapper.application; includeInIndex = 0; path = gRPCExample.app; sourceTree = BUILT_PRODUCTS_DIR; };
		C70DFD9E1F89216500118085 /* AppDelegate.swift */ = {isa = PBXFileReference; lastKnownFileType = sourcecode.swift; path = AppDelegate.swift; sourceTree = "<group>"; };
		C70DFDA01F89216500118085 /* ViewController.swift */ = {isa = PBXFileReference; lastKnownFileType = sourcecode.swift; path = ViewController.swift; sourceTree = "<group>"; };
		C70DFDA31F89216500118085 /* Base */ = {isa = PBXFileReference; lastKnownFileType = file.storyboard; name = Base; path = Base.lproj/Main.storyboard; sourceTree = "<group>"; };
		C70DFDA51F89216500118085 /* Assets.xcassets */ = {isa = PBXFileReference; lastKnownFileType = folder.assetcatalog; path = Assets.xcassets; sourceTree = "<group>"; };
		C70DFDA81F89216500118085 /* Base */ = {isa = PBXFileReference; lastKnownFileType = file.storyboard; name = Base; path = Base.lproj/LaunchScreen.storyboard; sourceTree = "<group>"; };
		C70DFDAA1F89216500118085 /* Info.plist */ = {isa = PBXFileReference; lastKnownFileType = text.plist.xml; path = Info.plist; sourceTree = "<group>"; };
		C73C037A1F8930A7009221D1 /* SwiftGRPC.xcodeproj */ = {isa = PBXFileReference; lastKnownFileType = "wrapper.pb-project"; name = SwiftGRPC.xcodeproj; path = "grpc-swift/SwiftGRPC.xcodeproj"; sourceTree = "<group>"; };
		C78236C31F892C290057FBC7 /* gRPCExample.xcconfig */ = {isa = PBXFileReference; lastKnownFileType = text.xcconfig; path = gRPCExample.xcconfig; sourceTree = "<group>"; };
/* End PBXFileReference section */

/* Begin PBXFrameworksBuildPhase section */
		C70DFD981F89216500118085 /* Frameworks */ = {
			isa = PBXFrameworksBuildPhase;
			buildActionMask = 2147483647;
			files = (
				C73C03911F8930AF009221D1 /* BoringSSL.framework in Frameworks */,
				C73C03921F8930AF009221D1 /* CgRPC.framework in Frameworks */,
				C73C03931F8930AF009221D1 /* Czlib.framework in Frameworks */,
				C73C03941F8930AF009221D1 /* gRPC.framework in Frameworks */,
			);
			runOnlyForDeploymentPostprocessing = 0;
		};
/* End PBXFrameworksBuildPhase section */

/* Begin PBXGroup section */
		C70DFD921F89216500118085 = {
			isa = PBXGroup;
			children = (
				C73C037A1F8930A7009221D1 /* SwiftGRPC.xcodeproj */,
				C70DFD9D1F89216500118085 /* gRPCExample */,
				C70DFD9C1F89216500118085 /* Products */,
				C73C03901F8930AF009221D1 /* Frameworks */,
			);
			sourceTree = "<group>";
		};
		C70DFD9C1F89216500118085 /* Products */ = {
			isa = PBXGroup;
			children = (
				C70DFD9B1F89216500118085 /* gRPCExample.app */,
			);
			name = Products;
			sourceTree = "<group>";
		};
		C70DFD9D1F89216500118085 /* gRPCExample */ = {
			isa = PBXGroup;
			children = (
				C70DFD9E1F89216500118085 /* AppDelegate.swift */,
				C70DFDA01F89216500118085 /* ViewController.swift */,
				C70DFDA21F89216500118085 /* Main.storyboard */,
				C70DFDA51F89216500118085 /* Assets.xcassets */,
				C70DFDA71F89216500118085 /* LaunchScreen.storyboard */,
				C70DFDAA1F89216500118085 /* Info.plist */,
				C78236C31F892C290057FBC7 /* gRPCExample.xcconfig */,
			);
			path = gRPCExample;
			sourceTree = "<group>";
		};
		C73C037B1F8930A7009221D1 /* Products */ = {
			isa = PBXGroup;
			children = (
				C73C03871F8930A8009221D1 /* gRPCTests.xctest */,
				C73C03891F8930A8009221D1 /* gRPC.framework */,
				C73C038B1F8930A8009221D1 /* CgRPC.framework */,
				C73C038D1F8930A8009221D1 /* BoringSSL.framework */,
				C73C038F1F8930A8009221D1 /* Czlib.framework */,
			);
			name = Products;
			sourceTree = "<group>";
		};
		C73C03901F8930AF009221D1 /* Frameworks */ = {
			isa = PBXGroup;
			children = (
			);
			name = Frameworks;
			sourceTree = "<group>";
		};
/* End PBXGroup section */

/* Begin PBXNativeTarget section */
		C70DFD9A1F89216500118085 /* gRPCExample */ = {
			isa = PBXNativeTarget;
			buildConfigurationList = C70DFDAD1F89216500118085 /* Build configuration list for PBXNativeTarget "gRPCExample" */;
			buildPhases = (
				C70DFD971F89216500118085 /* Sources */,
				C70DFD981F89216500118085 /* Frameworks */,
				C70DFD991F89216500118085 /* Resources */,
			);
			buildRules = (
			);
			dependencies = (
			);
			name = gRPCExample;
			productName = gRPCExample;
			productReference = C70DFD9B1F89216500118085 /* gRPCExample.app */;
			productType = "com.apple.product-type.application";
		};
/* End PBXNativeTarget section */

/* Begin PBXProject section */
		C70DFD931F89216500118085 /* Project object */ = {
			isa = PBXProject;
			attributes = {
				LastSwiftUpdateCheck = 0900;
				LastUpgradeCheck = 0900;
				ORGANIZATIONNAME = "Kyohei Ito";
				TargetAttributes = {
					C70DFD9A1F89216500118085 = {
						CreatedOnToolsVersion = 9.0;
						ProvisioningStyle = Automatic;
					};
				};
			};
			buildConfigurationList = C70DFD961F89216500118085 /* Build configuration list for PBXProject "gRPCExample" */;
			compatibilityVersion = "Xcode 8.0";
			developmentRegion = en;
			hasScannedForEncodings = 0;
			knownRegions = (
				en,
				Base,
			);
			mainGroup = C70DFD921F89216500118085;
			productRefGroup = C70DFD9C1F89216500118085 /* Products */;
			projectDirPath = "";
			projectReferences = (
				{
					ProductGroup = C73C037B1F8930A7009221D1 /* Products */;
					ProjectRef = C73C037A1F8930A7009221D1 /* SwiftGRPC.xcodeproj */;
				},
			);
			projectRoot = "";
			targets = (
				C70DFD9A1F89216500118085 /* gRPCExample */,
			);
		};
/* End PBXProject section */

/* Begin PBXReferenceProxy section */
		C73C03871F8930A8009221D1 /* gRPCTests.xctest */ = {
			isa = PBXReferenceProxy;
			fileType = wrapper.cfbundle;
			path = gRPCTests.xctest;
			remoteRef = C73C03861F8930A8009221D1 /* PBXContainerItemProxy */;
			sourceTree = BUILT_PRODUCTS_DIR;
		};
		C73C03891F8930A8009221D1 /* gRPC.framework */ = {
			isa = PBXReferenceProxy;
			fileType = wrapper.framework;
			path = gRPC.framework;
			remoteRef = C73C03881F8930A8009221D1 /* PBXContainerItemProxy */;
			sourceTree = BUILT_PRODUCTS_DIR;
		};
		C73C038B1F8930A8009221D1 /* CgRPC.framework */ = {
			isa = PBXReferenceProxy;
			fileType = wrapper.framework;
			path = CgRPC.framework;
			remoteRef = C73C038A1F8930A8009221D1 /* PBXContainerItemProxy */;
			sourceTree = BUILT_PRODUCTS_DIR;
		};
		C73C038D1F8930A8009221D1 /* BoringSSL.framework */ = {
			isa = PBXReferenceProxy;
			fileType = wrapper.framework;
			path = BoringSSL.framework;
			remoteRef = C73C038C1F8930A8009221D1 /* PBXContainerItemProxy */;
			sourceTree = BUILT_PRODUCTS_DIR;
		};
		C73C038F1F8930A8009221D1 /* Czlib.framework */ = {
			isa = PBXReferenceProxy;
			fileType = wrapper.framework;
			path = Czlib.framework;
			remoteRef = C73C038E1F8930A8009221D1 /* PBXContainerItemProxy */;
			sourceTree = BUILT_PRODUCTS_DIR;
		};
/* End PBXReferenceProxy section */

/* Begin PBXResourcesBuildPhase section */
		C70DFD991F89216500118085 /* Resources */ = {
			isa = PBXResourcesBuildPhase;
			buildActionMask = 2147483647;
			files = (
				C70DFDA91F89216500118085 /* LaunchScreen.storyboard in Resources */,
				C70DFDA61F89216500118085 /* Assets.xcassets in Resources */,
				C70DFDA41F89216500118085 /* Main.storyboard in Resources */,
			);
			runOnlyForDeploymentPostprocessing = 0;
		};
/* End PBXResourcesBuildPhase section */

/* Begin PBXSourcesBuildPhase section */
		C70DFD971F89216500118085 /* Sources */ = {
			isa = PBXSourcesBuildPhase;
			buildActionMask = 2147483647;
			files = (
				C70DFDA11F89216500118085 /* ViewController.swift in Sources */,
				C70DFD9F1F89216500118085 /* AppDelegate.swift in Sources */,
			);
			runOnlyForDeploymentPostprocessing = 0;
		};
/* End PBXSourcesBuildPhase section */

/* Begin PBXVariantGroup section */
		C70DFDA21F89216500118085 /* Main.storyboard */ = {
			isa = PBXVariantGroup;
			children = (
				C70DFDA31F89216500118085 /* Base */,
			);
			name = Main.storyboard;
			sourceTree = "<group>";
		};
		C70DFDA71F89216500118085 /* LaunchScreen.storyboard */ = {
			isa = PBXVariantGroup;
			children = (
				C70DFDA81F89216500118085 /* Base */,
			);
			name = LaunchScreen.storyboard;
			sourceTree = "<group>";
		};
/* End PBXVariantGroup section */

/* Begin XCBuildConfiguration section */
		C70DFDAB1F89216500118085 /* Debug */ = {
			isa = XCBuildConfiguration;
			baseConfigurationReference = C78236C31F892C290057FBC7 /* gRPCExample.xcconfig */;
			buildSettings = {
				ALWAYS_SEARCH_USER_PATHS = NO;
				CLANG_ANALYZER_NONNULL = YES;
				CLANG_ANALYZER_NUMBER_OBJECT_CONVERSION = YES_AGGRESSIVE;
				CLANG_CXX_LANGUAGE_STANDARD = "gnu++14";
				CLANG_CXX_LIBRARY = "libc++";
				CLANG_ENABLE_MODULES = YES;
				CLANG_ENABLE_OBJC_ARC = YES;
				CLANG_WARN_BLOCK_CAPTURE_AUTORELEASING = YES;
				CLANG_WARN_BOOL_CONVERSION = YES;
				CLANG_WARN_COMMA = YES;
				CLANG_WARN_CONSTANT_CONVERSION = YES;
				CLANG_WARN_DIRECT_OBJC_ISA_USAGE = YES_ERROR;
				CLANG_WARN_DOCUMENTATION_COMMENTS = YES;
				CLANG_WARN_EMPTY_BODY = YES;
				CLANG_WARN_ENUM_CONVERSION = YES;
				CLANG_WARN_INFINITE_RECURSION = YES;
				CLANG_WARN_INT_CONVERSION = YES;
				CLANG_WARN_NON_LITERAL_NULL_CONVERSION = YES;
				CLANG_WARN_OBJC_LITERAL_CONVERSION = YES;
				CLANG_WARN_OBJC_ROOT_CLASS = YES_ERROR;
				CLANG_WARN_RANGE_LOOP_ANALYSIS = YES;
				CLANG_WARN_STRICT_PROTOTYPES = YES;
				CLANG_WARN_SUSPICIOUS_MOVE = YES;
				CLANG_WARN_UNGUARDED_AVAILABILITY = YES_AGGRESSIVE;
				CLANG_WARN_UNREACHABLE_CODE = YES;
				CLANG_WARN__DUPLICATE_METHOD_MATCH = YES;
				CODE_SIGN_IDENTITY = "iPhone Developer";
				COPY_PHASE_STRIP = NO;
				DEBUG_INFORMATION_FORMAT = dwarf;
				ENABLE_STRICT_OBJC_MSGSEND = YES;
				ENABLE_TESTABILITY = YES;
				GCC_C_LANGUAGE_STANDARD = gnu11;
				GCC_DYNAMIC_NO_PIC = NO;
				GCC_NO_COMMON_BLOCKS = YES;
				GCC_OPTIMIZATION_LEVEL = 0;
				GCC_PREPROCESSOR_DEFINITIONS = (
					"DEBUG=1",
					"$(inherited)",
				);
				GCC_WARN_64_TO_32_BIT_CONVERSION = YES;
				GCC_WARN_ABOUT_RETURN_TYPE = YES_ERROR;
				GCC_WARN_UNDECLARED_SELECTOR = YES;
				GCC_WARN_UNINITIALIZED_AUTOS = YES_AGGRESSIVE;
				GCC_WARN_UNUSED_FUNCTION = YES;
				GCC_WARN_UNUSED_VARIABLE = YES;
				IPHONEOS_DEPLOYMENT_TARGET = 11.0;
				MTL_ENABLE_DEBUG_INFO = YES;
				ONLY_ACTIVE_ARCH = YES;
				SDKROOT = iphoneos;
				SWIFT_ACTIVE_COMPILATION_CONDITIONS = DEBUG;
				SWIFT_OPTIMIZATION_LEVEL = "-Onone";
			};
			name = Debug;
		};
		C70DFDAC1F89216500118085 /* Release */ = {
			isa = XCBuildConfiguration;
			baseConfigurationReference = C78236C31F892C290057FBC7 /* gRPCExample.xcconfig */;
			buildSettings = {
				ALWAYS_SEARCH_USER_PATHS = NO;
				CLANG_ANALYZER_NONNULL = YES;
				CLANG_ANALYZER_NUMBER_OBJECT_CONVERSION = YES_AGGRESSIVE;
				CLANG_CXX_LANGUAGE_STANDARD = "gnu++14";
				CLANG_CXX_LIBRARY = "libc++";
				CLANG_ENABLE_MODULES = YES;
				CLANG_ENABLE_OBJC_ARC = YES;
				CLANG_WARN_BLOCK_CAPTURE_AUTORELEASING = YES;
				CLANG_WARN_BOOL_CONVERSION = YES;
				CLANG_WARN_COMMA = YES;
				CLANG_WARN_CONSTANT_CONVERSION = YES;
				CLANG_WARN_DIRECT_OBJC_ISA_USAGE = YES_ERROR;
				CLANG_WARN_DOCUMENTATION_COMMENTS = YES;
				CLANG_WARN_EMPTY_BODY = YES;
				CLANG_WARN_ENUM_CONVERSION = YES;
				CLANG_WARN_INFINITE_RECURSION = YES;
				CLANG_WARN_INT_CONVERSION = YES;
				CLANG_WARN_NON_LITERAL_NULL_CONVERSION = YES;
				CLANG_WARN_OBJC_LITERAL_CONVERSION = YES;
				CLANG_WARN_OBJC_ROOT_CLASS = YES_ERROR;
				CLANG_WARN_RANGE_LOOP_ANALYSIS = YES;
				CLANG_WARN_STRICT_PROTOTYPES = YES;
				CLANG_WARN_SUSPICIOUS_MOVE = YES;
				CLANG_WARN_UNGUARDED_AVAILABILITY = YES_AGGRESSIVE;
				CLANG_WARN_UNREACHABLE_CODE = YES;
				CLANG_WARN__DUPLICATE_METHOD_MATCH = YES;
				CODE_SIGN_IDENTITY = "iPhone Developer";
				COPY_PHASE_STRIP = NO;
				DEBUG_INFORMATION_FORMAT = "dwarf-with-dsym";
				ENABLE_NS_ASSERTIONS = NO;
				ENABLE_STRICT_OBJC_MSGSEND = YES;
				GCC_C_LANGUAGE_STANDARD = gnu11;
				GCC_NO_COMMON_BLOCKS = YES;
				GCC_WARN_64_TO_32_BIT_CONVERSION = YES;
				GCC_WARN_ABOUT_RETURN_TYPE = YES_ERROR;
				GCC_WARN_UNDECLARED_SELECTOR = YES;
				GCC_WARN_UNINITIALIZED_AUTOS = YES_AGGRESSIVE;
				GCC_WARN_UNUSED_FUNCTION = YES;
				GCC_WARN_UNUSED_VARIABLE = YES;
				IPHONEOS_DEPLOYMENT_TARGET = 11.0;
				MTL_ENABLE_DEBUG_INFO = NO;
				SDKROOT = iphoneos;
				SWIFT_OPTIMIZATION_LEVEL = "-Owholemodule";
				VALIDATE_PRODUCT = YES;
			};
			name = Release;
		};
		C70DFDAE1F89216500118085 /* Debug */ = {
			isa = XCBuildConfiguration;
			buildSettings = {
				ASSETCATALOG_COMPILER_APPICON_NAME = AppIcon;
				CODE_SIGN_STYLE = Automatic;
				INFOPLIST_FILE = gRPCExample/Info.plist;
				LD_RUNPATH_SEARCH_PATHS = "$(inherited) @executable_path/Frameworks";
				PRODUCT_BUNDLE_IDENTIFIER = com.kyoheiito.gRPCExample;
				PRODUCT_NAME = "$(TARGET_NAME)";
				SWIFT_VERSION = 4.0;
				TARGETED_DEVICE_FAMILY = "1,2";
			};
			name = Debug;
		};
		C70DFDAF1F89216500118085 /* Release */ = {
			isa = XCBuildConfiguration;
			buildSettings = {
				ASSETCATALOG_COMPILER_APPICON_NAME = AppIcon;
				CODE_SIGN_STYLE = Automatic;
				INFOPLIST_FILE = gRPCExample/Info.plist;
				LD_RUNPATH_SEARCH_PATHS = "$(inherited) @executable_path/Frameworks";
				PRODUCT_BUNDLE_IDENTIFIER = com.kyoheiito.gRPCExample;
				PRODUCT_NAME = "$(TARGET_NAME)";
				SWIFT_VERSION = 4.0;
				TARGETED_DEVICE_FAMILY = "1,2";
			};
			name = Release;
		};
/* End XCBuildConfiguration section */

/* Begin XCConfigurationList section */
		C70DFD961F89216500118085 /* Build configuration list for PBXProject "gRPCExample" */ = {
			isa = XCConfigurationList;
			buildConfigurations = (
				C70DFDAB1F89216500118085 /* Debug */,
				C70DFDAC1F89216500118085 /* Release */,
			);
			defaultConfigurationIsVisible = 0;
			defaultConfigurationName = Release;
		};
		C70DFDAD1F89216500118085 /* Build configuration list for PBXNativeTarget "gRPCExample" */ = {
			isa = XCConfigurationList;
			buildConfigurations = (
				C70DFDAE1F89216500118085 /* Debug */,
				C70DFDAF1F89216500118085 /* Release */,
			);
			defaultConfigurationIsVisible = 0;
			defaultConfigurationName = Release;
		};
/* End XCConfigurationList section */
	};
	rootObject = C70DFD931F89216500118085 /* Project object */;
}
